
Microsoft Visual Studio Solution File, Format Version 12.00
# Visual Studio 15
VisualStudioVersion = 15.0.28010.2050
MinimumVisualStudioVersion = 10.0.40219.1
Project("{9A19103F-16F7-4668-BE54-9A1E7A4F7556}") = "Furiza.Audit.Abstractions", "Furiza.Audit.Abstractions\Furiza.Audit.Abstractions.csproj", "{C1D07C82-5F2A-4A8B-A5FA-623ABDFBD44C}"
EndProject
Project("{9A19103F-16F7-4668-BE54-9A1E7A4F7556}") = "Furiza.Audit.SqlServer.Dapper", "Furiza.Audit.SqlServer.Dapper\Furiza.Audit.SqlServer.Dapper.csproj", "{E3112408-C9D5-4F7C-B59A-B4F2D3CC3CBA}"
EndProject
Project("{9A19103F-16F7-4668-BE54-9A1E7A4F7556}") = "Furiza.Audit", "Furiza.Audit\Furiza.Audit.csproj", "{A56B2CCB-1C5B-4DEC-AA0F-B2AB1F4026B6}"
EndProject
Global
	GlobalSection(SolutionConfigurationPlatforms) = preSolution
		Debug|Any CPU = Debug|Any CPU
		Release|Any CPU = Release|Any CPU
	EndGlobalSection
	GlobalSection(ProjectConfigurationPlatforms) = postSolution
		{C1D07C82-5F2A-4A8B-A5FA-623ABDFBD44C}.Debug|Any CPU.ActiveCfg = Debug|Any CPU
		{C1D07C82-5F2A-4A8B-A5FA-623ABDFBD44C}.Debug|Any CPU.Build.0 = Debug|Any CPU
		{C1D07C82-5F2A-4A8B-A5FA-623ABDFBD44C}.Release|Any CPU.ActiveCfg = Release|Any CPU
		{C1D07C82-5F2A-4A8B-A5FA-623ABDFBD44C}.Release|Any CPU.Build.0 = Release|Any CPU
		{E3112408-C9D5-4F7C-B59A-B4F2D3CC3CBA}.Debug|Any CPU.ActiveCfg = Debug|Any CPU
		{E3112408-C9D5-4F7C-B59A-B4F2D3CC3CBA}.Debug|Any CPU.Build.0 = Debug|Any CPU
		{E3112408-C9D5-4F7C-B59A-B4F2D3CC3CBA}.Release|Any CPU.ActiveCfg = Release|Any CPU
		{E3112408-C9D5-4F7C-B59A-B4F2D3CC3CBA}.Release|Any CPU.Build.0 = Release|Any CPU
		{A56B2CCB-1C5B-4DEC-AA0F-B2AB1F4026B6}.Debug|Any CPU.ActiveCfg = Debug|Any CPU
		{A56B2CCB-1C5B-4DEC-AA0F-B2AB1F4026B6}.Debug|Any CPU.Build.0 = Debug|Any CPU
		{A56B2CCB-1C5B-4DEC-AA0F-B2AB1F4026B6}.Release|Any CPU.ActiveCfg = Release|Any CPU
		{A56B2CCB-1C5B-4DEC-AA0F-B2AB1F4026B6}.Release|Any CPU.Build.0 = Release|Any CPU
	EndGlobalSection
	GlobalSection(SolutionProperties) = preSolution
		HideSolutionNode = FALSE
	EndGlobalSection
	GlobalSection(ExtensibilityGlobals) = postSolution
		SolutionGuid = {F24101F0-FA5F-46DD-B77A-ECCD61FC544A}
	EndGlobalSection
EndGlobal
